lockfileVersion: '9.0'

settings:
  autoInstallPeers: true
  excludeLinksFromLockfile: false

importers:

  .:
    dependencies:
      lit:
        specifier: ^3.3.1
        version: 3.3.1
    devDependencies:
      '@unocss/preset-wind':
        specifier: ^66.5.10
        version: 66.5.10
      '@unocss/reset':
        specifier: ^66.5.10
        version: 66.5.10
      typescript:
        specifier: ^5.9.3
        version: 5.9.3
      unocss:
        specifier: ^66.5.10
        version: 66.5.10(postcss@8.5.6)(vite@7.3.0(jiti@2.6.1))
      vite:
        specifier: ^7.3.0
        version: 7.3.0(jiti@2.6.1)

packages:

  '@antfu/install-pkg@1.1.0':
    resolution: {integrity: sha512-MGQsmw10ZyI+EJo45CdSER4zEb+p31LpDAFp2Z3gkSd1yqVZGi0Ebx++YTEMonJy4oChEMLsxZ64j8FH6sSqtQ==}

  '@babel/code-frame@7.27.1':
    resolution: {integrity: sha512-cjQ7ZlQ0Mv3b47hABuTevyTuYN4i+loJKGeV9flcCgIK37cCXRh+L1bd3iBHlynerhQ7BhCkn2BPbQUL+rGqFg==}
    engines: {node: '>=6.9.0'}

  '@babel/generator@7.28.5':
    resolution: {integrity: sha512-3EwLFhZ38J4VyIP6WNtt2kUdW9dokXA9Cr4IVIFHuCpZ3H8/YFOl5JjZHisrn1fATPBmKKqXzDFvh9fUwHz6CQ==}
    engines: {node: '>=6.9.0'}

  '@babel/helper-string-parser@7.27.1':
    resolution: {integrity: sha512-qMlSxKbpRlAridDExk92nSobyDdpPijUq2DW6oDnUqd0iOGxmQjyqhMIihI9+zv4LPyZdRje2cavWPbCbWm3eA==}
    engines: {node: '>=6.9.0'}

  '@babel/helper-validator-identifier@7.28.5':
    resolution: {integrity: sha512-qSs4ifwzKJSV39ucNjsvc6WVHs6b7S03sOh2OcHF9UHfVPqWWALUsNUVzhSBiItjRZoLHx7nIarVjqKVusUZ1Q==}
    engines: {node: '>=6.9.0'}

  '@babel/parser@7.27.7':
    resolution: {integrity: sha512-qnzXzDXdr/po3bOTbTIQZ7+TxNKxpkN5IifVLXS+r7qwynkZfPyjZfE7hCXbo7IoO9TNcSyibgONsf2HauUd3Q==}
    engines: {node: '>=6.0.0'}
    hasBin: true

  '@babel/parser@7.28.5':
    resolution: {integrity: sha512-KKBU1VGYR7ORr3At5HAtUQ+TV3SzRCXmA/8OdDZiLDBIZxVyzXuztPjfLd3BV1PRAQGCMWWSHYhL0F8d5uHBDQ==}
    engines: {node: '>=6.0.0'}
    hasBin: true

  '@babel/template@7.27.2':
    resolution: {integrity: sha512-LPDZ85aEJyYSd18/DkjNh4/y1ntkE5KwUHWTiqgRxruuZL2F1yuHligVHLvcHY2vMHXttKFpJn6LwfI7cw7ODw==}
    engines: {node: '>=6.9.0'}

  '@babel/traverse@7.27.7':
    resolution: {integrity: sha512-X6ZlfR/O/s5EQ/SnUSLzr+6kGnkg8HXGMzpgsMsrJVcfDtH1vIp6ctCN4eZ1LS5c0+te5Cb6Y514fASjMRJ1nw==}
    engines: {node: '>=6.9.0'}

  '@babel/types@7.28.5':
    resolution: {integrity: sha512-qQ5m48eI/MFLQ5PxQj4PFaprjyCTLI37ElWMmNs0K8Lk3dVeOdNpB3ks8jc7yM5CDmVC73eMVk/trk3fgmrUpA==}
    engines: {node: '>=6.9.0'}

  '@esbuild/aix-ppc64@0.27.1':
    resolution: {integrity: sha512-HHB50pdsBX6k47S4u5g/CaLjqS3qwaOVE5ILsq64jyzgMhLuCuZ8rGzM9yhsAjfjkbgUPMzZEPa7DAp7yz6vuA==}
    engines: {node: '>=18'}
    cpu: [ppc64]
    os: [aix]

  '@esbuild/android-arm64@0.27.1':
    resolution: {integrity: sha512-45fuKmAJpxnQWixOGCrS+ro4Uvb4Re9+UTieUY2f8AEc+t7d4AaZ6eUJ3Hva7dtrxAAWHtlEFsXFMAgNnGU9uQ==}
    engines: {node: '>=18'}
    cpu: [arm64]
    os: [android]

  '@esbuild/android-arm@0.27.1':
    resolution: {integrity: sha512-kFqa6/UcaTbGm/NncN9kzVOODjhZW8e+FRdSeypWe6j33gzclHtwlANs26JrupOntlcWmB0u8+8HZo8s7thHvg==}
    engines: {node: '>=18'}
    cpu: [arm]
    os: [android]

  '@esbuild/android-x64@0.27.1':
    resolution: {integrity: sha512-LBEpOz0BsgMEeHgenf5aqmn/lLNTFXVfoWMUox8CtWWYK9X4jmQzWjoGoNb8lmAYml/tQ/Ysvm8q7szu7BoxRQ==}
    engines: {node: '>=18'}
    cpu: [x64]
    os: [android]

  '@esbuild/darwin-arm64@0.27.1':
    resolution: {integrity: sha512-veg7fL8eMSCVKL7IW4pxb54QERtedFDfY/ASrumK/SbFsXnRazxY4YykN/THYqFnFwJ0aVjiUrVG2PwcdAEqQQ==}
    engines: {node: '>=18'}
    cpu: [arm64]
    os: [darwin]

  '@esbuild/darwin-x64@0.27.1':
    resolution: {integrity: sha512-+3ELd+nTzhfWb07Vol7EZ+5PTbJ/u74nC6iv4/lwIU99Ip5uuY6QoIf0Hn4m2HoV0qcnRivN3KSqc+FyCHjoVQ==}
    engines: {node: '>=18'}
    cpu: [x64]
    os: [darwin]

  '@esbuild/freebsd-arm64@0.27.1':
    resolution: {integrity: sha512-/8Rfgns4XD9XOSXlzUDepG8PX+AVWHliYlUkFI3K3GB6tqbdjYqdhcb4BKRd7C0BhZSoaCxhv8kTcBrcZWP+xg==}
    engines: {node: '>=18'}
    cpu: [arm64]
    os: [freebsd]

  '@esbuild/freebsd-x64@0.27.1':
    resolution: {integrity: sha512-GITpD8dK9C+r+5yRT/UKVT36h/DQLOHdwGVwwoHidlnA168oD3uxA878XloXebK4Ul3gDBBIvEdL7go9gCUFzQ==}
    engines: {node: '>=18'}
    cpu: [x64]
    os: [freebsd]

  '@esbuild/linux-arm64@0.27.1':
    resolution: {integrity: sha512-W9//kCrh/6in9rWIBdKaMtuTTzNj6jSeG/haWBADqLLa9P8O5YSRDzgD5y9QBok4AYlzS6ARHifAb75V6G670Q==}
    engines: {node: '>=18'}
    cpu: [arm64]
    os: [linux]

  '@esbuild/linux-arm@0.27.1':
    resolution: {integrity: sha512-ieMID0JRZY/ZeCrsFQ3Y3NlHNCqIhTprJfDgSB3/lv5jJZ8FX3hqPyXWhe+gvS5ARMBJ242PM+VNz/ctNj//eA==}
    engines: {node: '>=18'}
    cpu: [arm]
    os: [linux]

  '@esbuild/linux-ia32@0.27.1':
    resolution: {integrity: sha512-VIUV4z8GD8rtSVMfAj1aXFahsi/+tcoXXNYmXgzISL+KB381vbSTNdeZHHHIYqFyXcoEhu9n5cT+05tRv13rlw==}
    engines: {node: '>=18'}
    cpu: [ia32]
    os: [linux]

  '@esbuild/linux-loong64@0.27.1':
    resolution: {integrity: sha512-l4rfiiJRN7sTNI//ff65zJ9z8U+k6zcCg0LALU5iEWzY+a1mVZ8iWC1k5EsNKThZ7XCQ6YWtsZ8EWYm7r1UEsg==}
    engines: {node: '>=18'}
    cpu: [loong64]
    os: [linux]

  '@esbuild/linux-mips64el@0.27.1':
    resolution: {integrity: sha512-U0bEuAOLvO/DWFdygTHWY8C067FXz+UbzKgxYhXC0fDieFa0kDIra1FAhsAARRJbvEyso8aAqvPdNxzWuStBnA==}
    engines: {node: '>=18'}
    cpu: [mips64el]
    os: [linux]

  '@esbuild/linux-ppc64@0.27.1':
    resolution: {integrity: sha512-NzdQ/Xwu6vPSf/GkdmRNsOfIeSGnh7muundsWItmBsVpMoNPVpM61qNzAVY3pZ1glzzAxLR40UyYM23eaDDbYQ==}
    engines: {node: '>=18'}
    cpu: [ppc64]
    os: [linux]

  '@esbuild/linux-riscv64@0.27.1':
    resolution: {integrity: sha512-7zlw8p3IApcsN7mFw0O1Z1PyEk6PlKMu18roImfl3iQHTnr/yAfYv6s4hXPidbDoI2Q0pW+5xeoM4eTCC0UdrQ==}
    engines: {node: '>=18'}
    cpu: [riscv64]
    os: [linux]

  '@esbuild/linux-s390x@0.27.1':
    resolution: {integrity: sha512-cGj5wli+G+nkVQdZo3+7FDKC25Uh4ZVwOAK6A06Hsvgr8WqBBuOy/1s+PUEd/6Je+vjfm6stX0kmib5b/O2Ykw==}
    engines: {node: '>=18'}
    cpu: [s390x]
    os: [linux]

  '@esbuild/linux-x64@0.27.1':
    resolution: {integrity: sha512-z3H/HYI9MM0HTv3hQZ81f+AKb+yEoCRlUby1F80vbQ5XdzEMyY/9iNlAmhqiBKw4MJXwfgsh7ERGEOhrM1niMA==}
    engines: {node: '>=18'}
    cpu: [x64]
    os: [linux]

  '@esbuild/netbsd-arm64@0.27.1':
    resolution: {integrity: sha512-wzC24DxAvk8Em01YmVXyjl96Mr+ecTPyOuADAvjGg+fyBpGmxmcr2E5ttf7Im8D0sXZihpxzO1isus8MdjMCXQ==}
    engines: {node: '>=18'}
    cpu: [arm64]
    os: [netbsd]

  '@esbuild/netbsd-x64@0.27.1':
    resolution: {integrity: sha512-1YQ8ybGi2yIXswu6eNzJsrYIGFpnlzEWRl6iR5gMgmsrR0FcNoV1m9k9sc3PuP5rUBLshOZylc9nqSgymI+TYg==}
    engines: {node: '>=18'}
    cpu: [x64]
    os: [netbsd]

  '@esbuild/openbsd-arm64@0.27.1':
    resolution: {integrity: sha512-5Z+DzLCrq5wmU7RDaMDe2DVXMRm2tTDvX2KU14JJVBN2CT/qov7XVix85QoJqHltpvAOZUAc3ndU56HSMWrv8g==}
    engines: {node: '>=18'}
    cpu: [arm64]
    os: [openbsd]

  '@esbuild/openbsd-x64@0.27.1':
    resolution: {integrity: sha512-Q73ENzIdPF5jap4wqLtsfh8YbYSZ8Q0wnxplOlZUOyZy7B4ZKW8DXGWgTCZmF8VWD7Tciwv5F4NsRf6vYlZtqg==}
    engines: {node: '>=18'}
    cpu: [x64]
    os: [openbsd]

  '@esbuild/openharmony-arm64@0.27.1':
    resolution: {integrity: sha512-ajbHrGM/XiK+sXM0JzEbJAen+0E+JMQZ2l4RR4VFwvV9JEERx+oxtgkpoKv1SevhjavK2z2ReHk32pjzktWbGg==}
    engines: {node: '>=18'}
    cpu: [arm64]
    os: [openharmony]

  '@esbuild/sunos-x64@0.27.1':
    resolution: {integrity: sha512-IPUW+y4VIjuDVn+OMzHc5FV4GubIwPnsz6ubkvN8cuhEqH81NovB53IUlrlBkPMEPxvNnf79MGBoz8rZ2iW8HA==}
    engines: {node: '>=18'}
    cpu: [x64]
    os: [sunos]

  '@esbuild/win32-arm64@0.27.1':
    resolution: {integrity: sha512-RIVRWiljWA6CdVu8zkWcRmGP7iRRIIwvhDKem8UMBjPql2TXM5PkDVvvrzMtj1V+WFPB4K7zkIGM7VzRtFkjdg==}
    engines: {node: '>=18'}
    cpu: [arm64]
    os: [win32]

  '@esbuild/win32-ia32@0.27.1':
    resolution: {integrity: sha512-2BR5M8CPbptC1AK5JbJT1fWrHLvejwZidKx3UMSF0ecHMa+smhi16drIrCEggkgviBwLYd5nwrFLSl5Kho96RQ==}
    engines: {node: '>=18'}
    cpu: [ia32]
    os: [win32]

  '@esbuild/win32-x64@0.27.1':
    resolution: {integrity: sha512-d5X6RMYv6taIymSk8JBP+nxv8DQAMY6A51GPgusqLdK9wBz5wWIXy1KjTck6HnjE9hqJzJRdk+1p/t5soSbCtw==}
    engines: {node: '>=18'}
    cpu: [x64]
    os: [win32]

  '@iconify/types@2.0.0':
    resolution: {integrity: sha512-+wluvCrRhXrhyOmRDJ3q8mux9JkKy5SJ/v8ol2tu4FVjyYvtEzkc/3pK15ET6RKg4b4w4BmTk1+gsCUhf21Ykg==}

  '@iconify/utils@3.1.0':
    resolution: {integrity: sha512-Zlzem1ZXhI1iHeeERabLNzBHdOa4VhQbqAcOQaMKuTuyZCpwKbC2R4Dd0Zo3g9EAc+Y4fiarO8HIHRAth7+skw==}

  '@jridgewell/gen-mapping@0.3.13':
    resolution: {integrity: sha512-2kkt/7niJ6MgEPxF0bYdQ6etZaA+fQvDcLKckhy1yIQOzaoKjBBjSj63/aLVjYE3qhRt5dvM+uUyfCg6UKCBbA==}

  '@jridgewell/remapping@2.3.5':
    resolution: {integrity: sha512-LI9u/+laYG4Ds1TDKSJW2YPrIlcVYOwi2fUC6xB43lueCjgxV4lffOCZCtYFiH6TNOX+tQKXx97T4IKHbhyHEQ==}

  '@jridgewell/resolve-uri@3.1.2':
    resolution: {integrity: sha512-bRISgCIjP20/tbWSPWMEi54QVPRZExkuD9lJL+UIxUKtwVJA8wW1Trb1jMs1RFXo1CBTNZ/5hpC9QvmKWdopKw==}
    engines: {node: '>=6.0.0'}

  '@jridgewell/sourcemap-codec@1.5.5':
    resolution: {integrity: sha512-cYQ9310grqxueWbl+WuIUIaiUaDcj7WOq5fVhEljNVgRfOUhY9fy2zTvfoqWsnebh8Sl70VScFbICvJnLKB0Og==}

  '@jridgewell/trace-mapping@0.3.31':
    resolution: {integrity: sha512-zzNR+SdQSDJzc8joaeP8QQoCQr8NuYx2dIIytl1QeBEZHJ9uW6hebsrYgbz8hJwUQao3TWCMtmfV8Nu1twOLAw==}

  '@lit-labs/ssr-dom-shim@1.4.0':
    resolution: {integrity: sha512-ficsEARKnmmW5njugNYKipTm4SFnbik7CXtoencDZzmzo/dQ+2Q0bgkzJuoJP20Aj0F+izzJjOqsnkd6F/o1bw==}

  '@lit/reactive-element@2.1.1':
    resolution: {integrity: sha512-N+dm5PAYdQ8e6UlywyyrgI2t++wFGXfHx+dSJ1oBrg6FAxUj40jId++EaRm80MKX5JnlH1sBsyZ5h0bcZKemCg==}

  '@polka/url@1.0.0-next.29':
    resolution: {integrity: sha512-wwQAWhWSuHaag8c4q/KN/vCoeOJYshAIvMQwD4GpSb3OiZklFfvAgmj0VCBBImRpuF/aFgIRzllXlVX93Jevww==}

  '@quansync/fs@1.0.0':
    resolution: {integrity: sha512-4TJ3DFtlf1L5LDMaM6CanJ/0lckGNtJcMjQ1NAV6zDmA0tEHKZtxNKin8EgPaVX1YzljbxckyT2tJrpQKAtngQ==}

  '@rollup/rollup-android-arm-eabi@4.53.4':
    resolution: {integrity: sha512-PWU3Y92H4DD0bOqorEPp1Y0tbzwAurFmIYpjcObv5axGVOtcTlB0b2UKMd2echo08MgN7jO8WQZSSysvfisFSQ==}
    cpu: [arm]
    os: [android]

  '@rollup/rollup-android-arm64@4.53.4':
    resolution: {integrity: sha512-Gw0/DuVm3rGsqhMGYkSOXXIx20cC3kTlivZeuaGt4gEgILivykNyBWxeUV5Cf2tDA2nPLah26vq3emlRrWVbng==}
    cpu: [arm64]
    os: [android]

  '@rollup/rollup-darwin-arm64@4.53.4':
    resolution: {integrity: sha512-+w06QvXsgzKwdVg5qRLZpTHh1bigHZIqoIUPtiqh05ZiJVUQ6ymOxaPkXTvRPRLH88575ZCRSRM3PwIoNma01Q==}
    cpu: [arm64]
    os: [darwin]

  '@rollup/rollup-darwin-x64@4.53.4':
    resolution: {integrity: sha512-EB4Na9G2GsrRNRNFPuxfwvDRDUwQEzJPpiK1vo2zMVhEeufZ1k7J1bKnT0JYDfnPC7RNZ2H5YNQhW6/p2QKATw==}
    cpu: [x64]
    os: [darwin]

  '@rollup/rollup-freebsd-arm64@4.53.4':
    resolution: {integrity: sha512-bldA8XEqPcs6OYdknoTMaGhjytnwQ0NClSPpWpmufOuGPN5dDmvIa32FygC2gneKK4A1oSx86V1l55hyUWUYFQ==}
    cpu: [arm64]
    os: [freebsd]

  '@rollup/rollup-freebsd-x64@4.53.4':
    resolution: {integrity: sha512-3T8GPjH6mixCd0YPn0bXtcuSXi1Lj+15Ujw2CEb7dd24j9thcKscCf88IV7n76WaAdorOzAgSSbuVRg4C8V8Qw==}
    cpu: [x64]
    os: [freebsd]

  '@rollup/rollup-linux-arm-gnueabihf@4.53.4':
    resolution: {integrity: sha512-UPMMNeC4LXW7ZSHxeP3Edv09aLsFUMaD1TSVW6n1CWMECnUIJMFFB7+XC2lZTdPtvB36tYC0cJWc86mzSsaviw==}
    cpu: [arm]
    os: [linux]

  '@rollup/rollup-linux-arm-musleabihf@4.53.4':
    resolution: {integrity: sha512-H8uwlV0otHs5Q7WAMSoyvjV9DJPiy5nJ/xnHolY0QptLPjaSsuX7tw+SPIfiYH6cnVx3fe4EWFafo6gH6ekZKA==}
    cpu: [arm]
    os: [linux]

  '@rollup/rollup-linux-arm64-gnu@4.53.4':
    resolution: {integrity: sha512-BLRwSRwICXz0TXkbIbqJ1ibK+/dSBpTJqDClF61GWIrxTXZWQE78ROeIhgl5MjVs4B4gSLPCFeD4xML9vbzvCQ==}
    cpu: [arm64]
    os: [linux]

  '@rollup/rollup-linux-arm64-musl@4.53.4':
    resolution: {integrity: sha512-6bySEjOTbmVcPJAywjpGLckK793A0TJWSbIa0sVwtVGfe/Nz6gOWHOwkshUIAp9j7wg2WKcA4Snu7Y1nUZyQew==}
    cpu: [arm64]
    os: [linux]

  '@rollup/rollup-linux-loong64-gnu@4.53.4':
    resolution: {integrity: sha512-U0ow3bXYJZ5MIbchVusxEycBw7bO6C2u5UvD31i5IMTrnt2p4Fh4ZbHSdc/31TScIJQYHwxbj05BpevB3201ug==}
    cpu: [loong64]
    os: [linux]

  '@rollup/rollup-linux-ppc64-gnu@4.53.4':
    resolution: {integrity: sha512-iujDk07ZNwGLVn0YIWM80SFN039bHZHCdCCuX9nyx3Jsa2d9V/0Y32F+YadzwbvDxhSeVo9zefkoPnXEImnM5w==}
    cpu: [ppc64]
    os: [linux]

  '@rollup/rollup-linux-riscv64-gnu@4.53.4':
    resolution: {integrity: sha512-MUtAktiOUSu+AXBpx1fkuG/Bi5rhlorGs3lw5QeJ2X3ziEGAq7vFNdWVde6XGaVqi0LGSvugwjoxSNJfHFTC0g==}
    cpu: [riscv64]
    os: [linux]

  '@rollup/rollup-linux-riscv64-musl@4.53.4':
    resolution: {integrity: sha512-btm35eAbDfPtcFEgaXCI5l3c2WXyzwiE8pArhd66SDtoLWmgK5/M7CUxmUglkwtniPzwvWioBKKl6IXLbPf2sQ==}
    cpu: [riscv64]
    os: [linux]

  '@rollup/rollup-linux-s390x-gnu@4.53.4':
    resolution: {integrity: sha512-uJlhKE9ccUTCUlK+HUz/80cVtx2RayadC5ldDrrDUFaJK0SNb8/cCmC9RhBhIWuZ71Nqj4Uoa9+xljKWRogdhA==}
    cpu: [s390x]
    os: [linux]

  '@rollup/rollup-linux-x64-gnu@4.53.4':
    resolution: {integrity: sha512-jjEMkzvASQBbzzlzf4os7nzSBd/cvPrpqXCUOqoeCh1dQ4BP3RZCJk8XBeik4MUln3m+8LeTJcY54C/u8wb3DQ==}
    cpu: [x64]
    os: [linux]

  '@rollup/rollup-linux-x64-musl@4.53.4':
    resolution: {integrity: sha512-lu90KG06NNH19shC5rBPkrh6mrTpq5kviFylPBXQVpdEu0yzb0mDgyxLr6XdcGdBIQTH/UAhDJnL+APZTBu1aQ==}
    cpu: [x64]
    os: [linux]

  '@rollup/rollup-openharmony-arm64@4.53.4':
    resolution: {integrity: sha512-dFDcmLwsUzhAm/dn0+dMOQZoONVYBtgik0VuY/d5IJUUb787L3Ko/ibvTvddqhb3RaB7vFEozYevHN4ox22R/w==}
    cpu: [arm64]
    os: [openharmony]

  '@rollup/rollup-win32-arm64-msvc@4.53.4':
    resolution: {integrity: sha512-WvUpUAWmUxZKtRnQWpRKnLW2DEO8HB/l8z6oFFMNuHndMzFTJEXzaYJ5ZAmzNw0L21QQJZsUQFt2oPf3ykAD/w==}
    cpu: [arm64]
    os: [win32]

  '@rollup/rollup-win32-ia32-msvc@4.53.4':
    resolution: {integrity: sha512-JGbeF2/FDU0x2OLySw/jgvkwWUo05BSiJK0dtuI4LyuXbz3wKiC1xHhLB1Tqm5VU6ZZDmAorj45r/IgWNWku5g==}
    cpu: [ia32]
    os: [win32]

  '@rollup/rollup-win32-x64-gnu@4.53.4':
    resolution: {integrity: sha512-zuuC7AyxLWLubP+mlUwEyR8M1ixW1ERNPHJfXm8x7eQNP4Pzkd7hS3qBuKBR70VRiQ04Kw8FNfRMF5TNxuZq2g==}
    cpu: [x64]
    os: [win32]

  '@rollup/rollup-win32-x64-msvc@4.53.4':
    resolution: {integrity: sha512-Sbx45u/Lbb5RyptSbX7/3deP+/lzEmZ0BTSHxwxN/IMOZDZf8S0AGo0hJD5n/LQssxb5Z3B4og4P2X6Dd8acCA==}
    cpu: [x64]
    os: [win32]

  '@types/estree@1.0.8':
    resolution: {integrity: sha512-dWHzHa2WqEXI/O1E9OjrocMTKJl2mSrEolh1Iomrv6U+JuNwaHXsXx9bLu5gG7BUWFIN0skIQJQ/L1rIex4X6w==}

  '@types/trusted-types@2.0.7':
    resolution: {integrity: sha512-ScaPdn1dQczgbl0QFTeTOmVHFULt394XJgOQNoyVhZ6r2vLnMLJfBPd53SB52T/3G36VI1/g2MZaX0cwDuXsfw==}

  '@unocss/astro@66.5.10':
    resolution: {integrity: sha512-R1UU8lfIqcuorGpiuU+9pQEmK8uBBk1sf5re1db9kr23924Ia/aBCmfs4W2xyVCwJ0cGBv9C3ywDgOsgkHFCbQ==}
    peerDependencies:
      vite: ^2.9.0 || ^3.0.0-0 || ^4.0.0 || ^5.0.0-0 || ^6.0.0-0 || ^7.0.0-0
    peerDependenciesMeta:
      vite:
        optional: true

  '@unocss/cli@66.5.10':
    resolution: {integrity: sha512-3tGBTGLLTtwGEwXGWsL77K4bTvNG115VJvYPPit68Z7uXnA6S8xpkwaFFDJ3kbrsWtgXBpIgM06HhtT6/3MILg==}
    engines: {node: '>=14'}
    hasBin: true

  '@unocss/config@66.5.10':
    resolution: {integrity: sha512-udBhfMe+2MU70ZdjnRLnwLQ+0EHYJ4f5JjjvHsfmQ0If4KeYmSStWBuX+/LHNQidhl487JiwW1lBDQ8pKHmbiw==}
    engines: {node: '>=14'}

  '@unocss/core@66.5.10':
    resolution: {integrity: sha512-SEmPE4pWNn9VcCvZqovPwFGuG/j69W3zh+x1Ky4z/I2pnyoB0Y0lBmq22KVu/dwExe+ZKKTQpxa0j5rbE27rDQ==}

  '@unocss/extractor-arbitrary-variants@66.5.10':
    resolution: {integrity: sha512-9JsAY1a68WZaIbSiwQa7LLAO+t4T5nnhgmNxY3MGaK58k6Qa9ayZb4AG4fqOpw+Zn8tmKd7yXJ0s+27sx1n2BA==}

  '@unocss/inspector@66.5.10':
    resolution: {integrity: sha512-L/Nvi4bkXFxbGNOi7TPNnIIDfY1zKghfJ+cF7To/WrXplP1Y4nEZa2kGwcVBcsaysACri0whU19Dh3yf+bG+Pg==}

  '@unocss/postcss@66.5.10':
    resolution: {integrity: sha512-Hp9k+1AB0qxc6b7Sh7JPKwYgcklIvRhleYtQldFbdU5eAY5InOy9m7gSZxRsz2WQb6IzliqO7Or34PbhnMlcFQ==}
    engines: {node: '>=14'}
    peerDependencies:
      postcss: ^8.4.21

  '@unocss/preset-attributify@66.5.10':
    resolution: {integrity: sha512-dEFs8kXC9xoqolQBFvtgXvdzWQqHoWqSj/eosX2oDmy8REk7UErpBvMmqR4pCP7mqdtG8yZ2l34Gtb42hDM3JA==}

  '@unocss/preset-icons@66.5.10':
    resolution: {integrity: sha512-zf4Sev/F2QQgVjGjKBCw3BKc15HQAtvUrNX2zymXXbAjt83Lf27ofYzTAUVUO9mi/oQhXcP5sQrIGIe7iQX3hw==}

  '@unocss/preset-mini@66.5.10':
    resolution: {integrity: sha512-jRmweaPhaTGBSDKFuhEGayGyuGr66rTRRqzv5EAdHH4x43TFlJ1RO5SVlzzJdo1zJy4vyGSINIVKeI49FYhEKQ==}

  '@unocss/preset-tagify@66.5.10':
    resolution: {integrity: sha512-SLfMhNQCFEXspp/zREZv61dmuvRQ+CVI04zcpGpg4LnqvMKkLVyPPetlhgJwW1hd9D7OWkUGoQm9JA0O4+9XJA==}

  '@unocss/preset-typography@66.5.10':
    resolution: {integrity: sha512-GMchTwywSA6vwiZ2w8svBY9U9br/OW7vIjwyYis0c9kp4h8apKCrLtAv2LjmlKyg12IDy9d8jp/hZ1zP9umung==}

  '@unocss/preset-uno@66.5.10':
    resolution: {integrity: sha512-O3R99td+Jt3XAJh1pVbOSTu3z7jUosg80y90iu6JQIpvXI/pGanWJEhoEz95SgJmRV+vXNEn4f6tIvfUXkTd/w==}

  '@unocss/preset-web-fonts@66.5.10':
    resolution: {integrity: sha512-rA9pjL+CuDpyEekawX54pkWHc4n+kfhoYsAFBWBtNHl4akDYsbnSA+2EF/XiEbRvz1YVFYDucZ9KpUiaq9+xtQ==}

  '@unocss/preset-wind3@66.5.10':
    resolution: {integrity: sha512-N2Wgu+AnTSr4jIEAfajOfUtwESE/Zzr0GxwW88+MHIw6Tzj6tZeCEKNNKFzsgwfGkoNjvwIeIbkaIrIGJ7SveA==}

  '@unocss/preset-wind4@66.5.10':
    resolution: {integrity: sha512-PXLxEcYJUsysQvK4xj3iA7plvq5RcAt9S1vLlOmBtl2X66dWU6XqiGEu7lLfqoypip1bPCOGlRB7HbfMuQpftQ==}

  '@unocss/preset-wind@66.5.10':
    resolution: {integrity: sha512-tR8JaXHnL006qcIEbD4lalZoqvW78SE+OvD7Sv5yj6s5FjwLZTiaJP8/0RTlx8SvhM6bw+NDxKQq678ntiZdiA==}

  '@unocss/reset@66.5.10':
    resolution: {integrity: sha512-xlydsCqbmVtA8QbVWv8+R66v4MJzeDXYsdoGDz7xsa2r65RD4UvJFZuyueY7+/bhzns9QhNOxltEiPi06j3Gvw==}

  '@unocss/rule-utils@66.5.10':
    resolution: {integrity: sha512-497GPWZpArNG25cto0Yq3/Yw+i0x7/N/ySq1HHeE3lB43sdmCv6+m6QEv14I/9/e5WJhQOmrY5LmHZYXC7xxMw==}
    engines: {node: '>=14'}

  '@unocss/transformer-attributify-jsx@66.5.10':
    resolution: {integrity: sha512-WAAVWWx/BVQ9dk1W9FCP7UL9dLScmNDrRwBRah5WJMtKaV890RaL4wLItfQH0SN31C+quTwuaU0Hi6BiBsc9qw==}

  '@unocss/transformer-compile-class@66.5.10':
    resolution: {integrity: sha512-NFXf5qTVJXZNnZTpnCSQmNwJhQrmCQv/tgmX69rwNDYKmYcBufpaKfwKzO+EkVQz4A6ySv09Q9PaNBCH5N0FTQ==}

  '@unocss/transformer-directives@66.5.10':
    resolution: {integrity: sha512-EDak3DGW+rSYjoZNwU8xJIXbwif+q9e3cjhCZy48ll1nfyg2E1Znqtwv/X8vLRr8fJ0gWn75P2uGi4jfGLZzMg==}

  '@unocss/transformer-variant-group@66.5.10':
    resolution: {integrity: sha512-9DWi9bLOGwdw6whCTdywVD9+lA5lkeqcgy9sMoizfUa4CfT1bSdMT27VoAbYhxeEznV92BCW2jCYt0I8M00phw==}

  '@unocss/vite@66.5.10':
    resolution: {integrity: sha512-GegFDmcWe0V2CR/uN1f+iQuDh2R1vA6EAwSvl1nyL+6ue0/zLyF9yhdVnypIVlJnS6RK/xaLPOP6vWJnqRGhZg==}
    peerDependencies:
      vite: ^2.9.0 || ^3.0.0-0 || ^4.0.0 || ^5.0.0-0 || ^6.0.0-0 || ^7.0.0-0

  acorn@8.15.0:
    resolution: {integrity: sha512-NZyJarBfL7nWwIq+FDL6Zp/yHEhePMNnnJ0y3qfieCrmNvYct8uvtiV41UvlSe6apAfk0fY1FbWx+NwfmpvtTg==}
    engines: {node: '>=0.4.0'}
    hasBin: true

  anymatch@3.1.3:
    resolution: {integrity: sha512-KMReFUr0B4t+D+OBkjR3KYqvocp2XaSzO55UcB6mgQMd3KbcE+mWTyvVV7D/zsdEbNnV6acZUutkiHQXvTr1Rw==}
    engines: {node: '>= 8'}

  binary-extensions@2.3.0:
    resolution: {integrity: sha512-Ceh+7ox5qe7LJuLHoY0feh3pHuUDHAcRUeyL2VYghZwfpkNIy/+8Ocg0a3UuSoYzavmylwuLWQOf3hl0jjMMIw==}
    engines: {node: '>=8'}

  braces@3.0.3:
    resolution: {integrity: sha512-yQbXgO/OSZVD2IsiLlro+7Hf6Q18EJrKSEsdoMzKePKXct3gvD8oLcOQdIzGupr5Fj+EDe8gO/lxc1BzfMpxvA==}
    engines: {node: '>=8'}

  cac@6.7.14:
    resolution: {integrity: sha512-b6Ilus+c3RrdDk+JhLKUAQfzzgLEPy6wcXqS7f/xe1EETvsDP6GORG7SFuOs6cID5YkqchW/LXZbX5bc8j7ZcQ==}
    engines: {node: '>=8'}

  chokidar@3.6.0:
    resolution: {integrity: sha512-7VT13fmjotKpGipCW9JEQAusEPE+Ei8nl6/g4FBAmIm0GOOLMua9NDDo/DWp0ZAxCr3cPq5ZpBqmPAQgDda2Pw==}
    engines: {node: '>= 8.10.0'}

  colorette@2.0.20:
    resolution: {integrity: sha512-IfEDxwoWIjkeXL1eXcDiow4UbKjhLdq6/EuSVR9GMN7KVH3r9gQ83e73hsz1Nd1T3ijd5xv1wcWRYO+D6kCI2w==}

  confbox@0.1.8:
    resolution: {integrity: sha512-RMtmw0iFkeR4YV+fUOSucriAQNb9g8zFR52MWCtl+cCZOFRNL6zeB395vPzFhEjjn4fMxXudmELnl/KF/WrK6w==}

  consola@3.4.2:
    resolution: {integrity: sha512-5IKcdX0nnYavi6G7TtOhwkYzyjfJlatbjMjuLSfE2kYT5pMDOilZ4OvMhi637CcDICTmz3wARPoyhqyX1Y+XvA==}
    engines: {node: ^14.18.0 || >=16.10.0}

  css-tree@3.1.0:
    resolution: {integrity: sha512-0eW44TGN5SQXU1mWSkKwFstI/22X2bG1nYzZTYMAWjylYURhse752YgbE4Cx46AC+bAvI+/dYTPRk1LqSUnu6w==}
    engines: {node: ^10 || ^12.20.0 || ^14.13.0 || >=15.0.0}

  debug@4.4.3:
    resolution: {integrity: sha512-RGwwWnwQvkVfavKVt22FGLw+xYSdzARwm0ru6DhTVA3umU5hZc28V3kO4stgYryrTlLpuvgI9GiijltAjNbcqA==}
    engines: {node: '>=6.0'}
    peerDependencies:
      supports-color: '*'
    peerDependenciesMeta:
      supports-color:
        optional: true

  defu@6.1.4:
    resolution: {integrity: sha512-mEQCMmwJu317oSz8CwdIOdwf3xMif1ttiM8LTufzc3g6kR+9Pe236twL8j3IYT1F7GfRgGcW6MWxzZjLIkuHIg==}

  destr@2.0.5:
    resolution: {integrity: sha512-ugFTXCtDZunbzasqBxrK93Ik/DRYsO6S/fedkWEMKqt04xZ4csmnmwGDBAb07QWNaGMAmnTIemsYZCksjATwsA==}

  duplexer@0.1.2:
    resolution: {integrity: sha512-jtD6YG370ZCIi/9GTaJKQxWTZD045+4R4hTk/x1UyoqadyJ9x9CgSi1RlVDQF8U2sxLLSnFkCaMihqljHIWgMg==}

  esbuild@0.27.1:
    resolution: {integrity: sha512-yY35KZckJJuVVPXpvjgxiCuVEJT67F6zDeVTv4rizyPrfGBUpZQsvmxnN+C371c2esD/hNMjj4tpBhuueLN7aA==}
    engines: {node: '>=18'}
    hasBin: true

  fdir@6.5.0:
    resolution: {integrity: sha512-tIbYtZbucOs0BRGqPJkshJUYdL+SDH7dVM8gjy+ERp3WAUjLEFJE+02kanyHtwjWOnwrKYBiwAmM0p4kLJAnXg==}
    engines: {node: '>=12.0.0'}
    peerDependencies:
      picomatch: ^3 || ^4
    peerDependenciesMeta:
      picomatch:
        optional: true

  fill-range@7.1.1:
    resolution: {integrity: sha512-YsGpe3WHLK8ZYi4tWDg2Jy3ebRz2rXowDxnld4bkQB00cc/1Zw9AWnC0i9ztDJitivtQvaI9KaLyKrc+hBW0yg==}
    engines: {node: '>=8'}

  fsevents@2.3.3:
    resolution: {integrity: sha512-5xoDfX+fL7faATnagmWPpbFtwh/R77WmMMqqHGS65C3vvB0YHrgF+B1YmZ3441tMj5n63k0212XNoJwzlhffQw==}
    engines: {node: ^8.16.0 || ^10.6.0 || >=11.0.0}
    os: [darwin]

  glob-parent@5.1.2:
    resolution: {integrity: sha512-AOIgSQCepiJYwP3ARnGx+5VnTu2HBYdzbGP45eLw1vr3zB3vZLeyed1sC9hnbcOc9/SrMyM5RPQrkGz4aS9Zow==}
    engines: {node: '>= 6'}

  globals@11.12.0:
    resolution: {integrity: sha512-WOBp/EEGUiIsJSp7wcv/y6MO+lV9UoncWqxuFfm8eBwzWNgyfBd6Gz+IeKQ9jCmyhoH99g15M3T+QaVHFjizVA==}
    engines: {node: '>=4'}

  gzip-size@6.0.0:
    resolution: {integrity: sha512-ax7ZYomf6jqPTQ4+XCpUGyXKHk5WweS+e05MBO4/y3WJ5RkmPXNKvX+bx1behVILVwr6JSQvZAku021CHPXG3Q==}
    engines: {node: '>=10'}

  is-binary-path@2.1.0:
    resolution: {integrity: sha512-ZMERYes6pDydyuGidse7OsHxtbI7WVeUEozgR/g7rd0xUimYNlvZRE/K2MgZTjWy725IfelLeVcEM97mmtRGXw==}
    engines: {node: '>=8'}

  is-extglob@2.1.1:
    resolution: {integrity: sha512-SbKbANkN603Vi4jEZv49LeVJMn4yGwsbzZworEoyEiutsN3nJYdbO36zfhGJ6QEDpOZIFkDtnq5JRxmvl3jsoQ==}
    engines: {node: '>=0.10.0'}

  is-glob@4.0.3:
    resolution: {integrity: sha512-xelSayHH36ZgE7ZWhli7pW34hNbNl8Ojv5KVmkJD4hBdD3th8Tfk9vYasLM+mXWOZhFkgZfxhLSnrwRr4elSSg==}
    engines: {node: '>=0.10.0'}

  is-number@7.0.0:
    resolution: {integrity: sha512-41Cifkg6e8TylSpdtTpeLVMqvSBEVzTttHvERD741+pnZ8ANv0004MRL43QKPDlK9cGvNp6NZWZUBlbGXYxxng==}
    engines: {node: '>=0.12.0'}

  jiti@2.6.1:
    resolution: {integrity: sha512-ekilCSN1jwRvIbgeg/57YFh8qQDNbwDb9xT/qu2DAHbFFZUicIl4ygVaAvzveMhMVr3LnpSKTNnwt8PoOfmKhQ==}
    hasBin: true

  js-tokens@4.0.0:
    resolution: {integrity: sha512-RdJUflcE3cUzKiMqQgsCu06FPu9UdIJO0beYbPhHN4k6apgJtifcoCtT9bcxOpYBtpD2kCM6Sbzg4CausW/PKQ==}

  jsesc@3.1.0:
    resolution: {integrity: sha512-/sM3dO2FOzXjKQhJuo0Q173wf2KOo8t4I8vHy6lF9poUp7bKT0/NHE8fPX23PwfhnykfqnC2xRxOnVw5XuGIaA==}
    engines: {node: '>=6'}
    hasBin: true

  lit-element@4.2.1:
    resolution: {integrity: sha512-WGAWRGzirAgyphK2urmYOV72tlvnxw7YfyLDgQ+OZnM9vQQBQnumQ7jUJe6unEzwGU3ahFOjuz1iz1jjrpCPuw==}

  lit-html@3.3.1:
    resolution: {integrity: sha512-S9hbyDu/vs1qNrithiNyeyv64c9yqiW9l+DBgI18fL+MTvOtWoFR0FWiyq1TxaYef5wNlpEmzlXoBlZEO+WjoA==}

  lit@3.3.1:
    resolution: {integrity: sha512-Ksr/8L3PTapbdXJCk+EJVB78jDodUMaP54gD24W186zGRARvwrsPfS60wae/SSCTCNZVPd1chXqio1qHQmu4NA==}

  magic-string@0.30.21:
    resolution: {integrity: sha512-vd2F4YUyEXKGcLHoq+TEyCjxueSeHnFxyyjNp80yg0XV4vUhnDer/lvvlqM/arB5bXQN5K2/3oinyCRyx8T2CQ==}

  mdn-data@2.12.2:
    resolution: {integrity: sha512-IEn+pegP1aManZuckezWCO+XZQDplx1366JoVhTpMpBB1sPey/SbveZQUosKiKiGYjg1wH4pMlNgXbCiYgihQA==}

  mlly@1.8.0:
    resolution: {integrity: sha512-l8D9ODSRWLe2KHJSifWGwBqpTZXIXTeo8mlKjY+E2HAakaTeNpqAyBZ8GSqLzHgw4XmHmC8whvpjJNMbFZN7/g==}

  mrmime@2.0.1:
    resolution: {integrity: sha512-Y3wQdFg2Va6etvQ5I82yUhGdsKrcYox6p7FfL1LbK2J4V01F9TGlepTIhnK24t7koZibmg82KGglhA1XK5IsLQ==}
    engines: {node: '>=10'}

  ms@2.1.3:
    resolution: {integrity: sha512-6FlzubTLZG3J2a/NVCAleEhjzq5oxgHyaCU9yYXvcLsvoVaHJq/s5xXI6/XXP6tz7R9xAOtHnSO/tXtF3WRTlA==}

  nanoid@3.3.11:
    resolution: {integrity: sha512-N8SpfPUnUp1bK+PMYW8qSWdl9U+wwNWI4QKxOYDy9JAro3WMX7p2OeVRF9v+347pnakNevPmiHhNmZ2HbFA76w==}
    engines: {node: ^10 || ^12 || ^13.7 || ^14 || >=15.0.1}
    hasBin: true

  node-fetch-native@1.6.7:
    resolution: {integrity: sha512-g9yhqoedzIUm0nTnTqAQvueMPVOuIY16bqgAJJC8XOOubYFNwz6IER9qs0Gq2Xd0+CecCKFjtdDTMA4u4xG06Q==}

  normalize-path@3.0.0:
    resolution: {integrity: sha512-6eZs5Ls3WtCisHWp9S2GUy8dqkpGi4BVSz3GaqiE6ezub0512ESztXUwUB6C6IKbQkY2Pnb/mD4WYojCRwcwLA==}
    engines: {node: '>=0.10.0'}

  ofetch@1.5.1:
    resolution: {integrity: sha512-2W4oUZlVaqAPAil6FUg/difl6YhqhUR7x2eZY4bQCko22UXg3hptq9KLQdqFClV+Wu85UX7hNtdGTngi/1BxcA==}

  package-manager-detector@1.6.0:
    resolution: {integrity: sha512-61A5ThoTiDG/C8s8UMZwSorAGwMJ0ERVGj2OjoW5pAalsNOg15+iQiPzrLJ4jhZ1HJzmC2PIHT2oEiH3R5fzNA==}

  pathe@2.0.3:
    resolution: {integrity: sha512-WUjGcAqP1gQacoQe+OBJsFA7Ld4DyXuUIjZ5cc75cLHvJ7dtNsTugphxIADwspS+AraAUePCKrSVtPLFj/F88w==}

  perfect-debounce@1.0.0:
    resolution: {integrity: sha512-xCy9V055GLEqoFaHoC1SoLIaLmWctgCUaBaWxDZ7/Zx4CTyX7cJQLJOok/orfjZAh9kEYpjJa4d0KcJmCbctZA==}

  picocolors@1.1.1:
    resolution: {integrity: sha512-xceH2snhtb5M9liqDsmEw56le376mTZkEX/jEb/RxNFyegNul7eNslCXP9FDj/Lcu0X8KEyMceP2ntpaHrDEVA==}

  picomatch@2.3.1:
    resolution: {integrity: sha512-JU3teHTNjmE2VCGFzuY8EXzCDVwEqB2a8fsIvwaStHhAWJEeVd1o1QD80CU6+ZdEXXSLbSsuLwJjkCBWqRQUVA==}
    engines: {node: '>=8.6'}

  picomatch@4.0.3:
    resolution: {integrity: sha512-5gTmgEY/sqK6gFXLIsQNH19lWb4ebPDLA4SdLP7dsWkIXHWlG66oPuVvXSGFPppYZz8ZDZq0dYYrbHfBCVUb1Q==}
    engines: {node: '>=12'}

  pkg-types@1.3.1:
    resolution: {integrity: sha512-/Jm5M4RvtBFVkKWRu2BLUTNP8/M2a+UwuAX+ae4770q1qVGtfjG+WTCupoZixokjmHiry8uI+dlY8KXYV5HVVQ==}

  postcss@8.5.6:
    resolution: {integrity: sha512-3Ybi1tAuwAP9s0r1UQ2J4n5Y0G05bJkpUIO0/bI9MhwmD70S5aTWbXGBwxHrelT+XM1k6dM0pk+SwNkpTRN7Pg==}
    engines: {node: ^10 || ^12 || >=14}

  quansync@1.0.0:
    resolution: {integrity: sha512-5xZacEEufv3HSTPQuchrvV6soaiACMFnq1H8wkVioctoH3TRha9Sz66lOxRwPK/qZj7HPiSveih9yAyh98gvqA==}

  readdirp@3.6.0:
    resolution: {integrity: sha512-hOS089on8RduqdbhvQ5Z37A0ESjsqz6qnRcffsMU3495FuTdqSm+7bhJ29JvIOsBDEEnan5DPu9t3To9VRlMzA==}
    engines: {node: '>=8.10.0'}

  rollup@4.53.4:
    resolution: {integrity: sha512-YpXaaArg0MvrnJpvduEDYIp7uGOqKXbH9NsHGQ6SxKCOsNAjZF018MmxefFUulVP2KLtiGw1UvZbr+/ekjvlDg==}
    engines: {node: '>=18.0.0', npm: '>=8.0.0'}
    hasBin: true

  sirv@3.0.2:
    resolution: {integrity: sha512-2wcC/oGxHis/BoHkkPwldgiPSYcpZK3JU28WoMVv55yHJgcZ8rlXvuG9iZggz+sU1d4bRgIGASwyWqjxu3FM0g==}
    engines: {node: '>=18'}

  source-map-js@1.2.1:
    resolution: {integrity: sha512-UXWMKhLOwVKb728IUtQPXxfYU+usdybtUrK/8uGE8CQMvrhOpwvzDBwj0QhSL7MQc7vIsISBG8VQ8+IDQxpfQA==}
    engines: {node: '>=0.10.0'}

  tinyexec@1.0.2:
    resolution: {integrity: sha512-W/KYk+NFhkmsYpuHq5JykngiOCnxeVL8v8dFnqxSD8qEEdRfXk1SDM6JzNqcERbcGYj9tMrDQBYV9cjgnunFIg==}
    engines: {node: '>=18'}

  tinyglobby@0.2.15:
    resolution: {integrity: sha512-j2Zq4NyQYG5XMST4cbs02Ak8iJUdxRM0XI5QyxXuZOzKOINmWurp3smXu3y5wDcJrptwpSjgXHzIQxR0omXljQ==}
    engines: {node: '>=12.0.0'}

  to-regex-range@5.0.1:
    resolution: {integrity: sha512-65P7iz6X5yEr1cwcgvQxbbIw7Uk3gOy5dIdtZ4rDveLqhrdJP+Li/Hx6tyK0NEb+2GCyneCMJiGqrADCSNk8sQ==}
    engines: {node: '>=8.0'}

  totalist@3.0.1:
    resolution: {integrity: sha512-sf4i37nQ2LBx4m3wB74y+ubopq6W/dIzXg0FDGjsYnZHVa1Da8FH853wlL2gtUhg+xJXjfk3kUZS3BRoQeoQBQ==}
    engines: {node: '>=6'}

  typescript@5.9.3:
    resolution: {integrity: sha512-jl1vZzPDinLr9eUt3J/t7V6FgNEw9QjvBPdysz9KfQDD41fQrC2Y4vKQdiaUpFT4bXlb1RHhLpp8wtm6M5TgSw==}
    engines: {node: '>=14.17'}
    hasBin: true

  ufo@1.6.1:
    resolution: {integrity: sha512-9a4/uxlTWJ4+a5i0ooc1rU7C7YOw3wT+UGqdeNNHWnOF9qcMBgLRS+4IYUqbczewFx4mLEig6gawh7X6mFlEkA==}

  unconfig-core@7.4.2:
    resolution: {integrity: sha512-VgPCvLWugINbXvMQDf8Jh0mlbvNjNC6eSUziHsBCMpxR05OPrNrvDnyatdMjRgcHaaNsCqz+wjNXxNw1kRLHUg==}

  unconfig@7.4.2:
    resolution: {integrity: sha512-nrMlWRQ1xdTjSnSUqvYqJzbTBFugoqHobQj58B2bc8qxHKBBHMNNsWQFP3Cd3/JZK907voM2geYPWqD4VK3MPQ==}

  unocss@66.5.10:
    resolution: {integrity: sha512-h3OjHVKsYFiet7ZSgxD6+odC1bpx+N0JYP2bWy/vcqjrApaZmYg4CKmvxCFNxw1+qVoxyfhhjcVZHGUpf9jaKA==}
    engines: {node: '>=14'}
    peerDependencies:
      '@unocss/webpack': 66.5.10
      vite: ^2.9.0 || ^3.0.0-0 || ^4.0.0 || ^5.0.0-0 || ^6.0.0-0 || ^7.0.0-0
    peerDependenciesMeta:
      '@unocss/webpack':
        optional: true
      vite:
        optional: true

  unplugin-utils@0.3.1:
    resolution: {integrity: sha512-5lWVjgi6vuHhJ526bI4nlCOmkCIF3nnfXkCMDeMJrtdvxTs6ZFCM8oNufGTsDbKv/tJ/xj8RpvXjRuPBZJuJog==}
    engines: {node: '>=20.19.0'}

  vite@7.3.0:
    resolution: {integrity: sha512-dZwN5L1VlUBewiP6H9s2+B3e3Jg96D0vzN+Ry73sOefebhYr9f94wwkMNN/9ouoU8pV1BqA1d1zGk8928cx0rg==}
    engines: {node: ^20.19.0 || >=22.12.0}
    hasBin: true
    peerDependencies:
      '@types/node': ^20.19.0 || >=22.12.0
      jiti: '>=1.21.0'
      less: ^4.0.0
      lightningcss: ^1.21.0
      sass: ^1.70.0
      sass-embedded: ^1.70.0
      stylus: '>=0.54.8'
      sugarss: ^5.0.0
      terser: ^5.16.0
      tsx: ^4.8.1
      yaml: ^2.4.2
    peerDependenciesMeta:
      '@types/node':
        optional: true
      jiti:
        optional: true
      less:
        optional: true
      lightningcss:
        optional: true
      sass:
        optional: true
      sass-embedded:
        optional: true
      stylus:
        optional: true
      sugarss:
        optional: true
      terser:
        optional: true
      tsx:
        optional: true
      yaml:
        optional: true

  vue-flow-layout@0.2.0:
    resolution: {integrity: sha512-zKgsWWkXq0xrus7H4Mc+uFs1ESrmdTXlO0YNbR6wMdPaFvosL3fMB8N7uTV308UhGy9UvTrGhIY7mVz9eN+L0Q==}

snapshots:

  '@antfu/install-pkg@1.1.0':
    dependencies:
      package-manager-detector: 1.6.0
      tinyexec: 1.0.2

  '@babel/code-frame@7.27.1':
    dependencies:
      '@babel/helper-validator-identifier': 7.28.5
      js-tokens: 4.0.0
      picocolors: 1.1.1

  '@babel/generator@7.28.5':
    dependencies:
      '@babel/parser': 7.28.5
      '@babel/types': 7.28.5
      '@jridgewell/gen-mapping': 0.3.13
      '@jridgewell/trace-mapping': 0.3.31
      jsesc: 3.1.0

  '@babel/helper-string-parser@7.27.1': {}

  '@babel/helper-validator-identifier@7.28.5': {}

  '@babel/parser@7.27.7':
    dependencies:
      '@babel/types': 7.28.5

  '@babel/parser@7.28.5':
    dependencies:
      '@babel/types': 7.28.5

  '@babel/template@7.27.2':
    dependencies:
      '@babel/code-frame': 7.27.1
      '@babel/parser': 7.27.7
      '@babel/types': 7.28.5

  '@babel/traverse@7.27.7':
    dependencies:
      '@babel/code-frame': 7.27.1
      '@babel/generator': 7.28.5
      '@babel/parser': 7.27.7
      '@babel/template': 7.27.2
      '@babel/types': 7.28.5
      debug: 4.4.3
      globals: 11.12.0
    transitivePeerDependencies:
      - supports-color

  '@babel/types@7.28.5':
    dependencies:
      '@babel/helper-string-parser': 7.27.1
      '@babel/helper-validator-identifier': 7.28.5

  '@esbuild/aix-ppc64@0.27.1':
    optional: true

  '@esbuild/android-arm64@0.27.1':
    optional: true

  '@esbuild/android-arm@0.27.1':
    optional: true

  '@esbuild/android-x64@0.27.1':
    optional: true

  '@esbuild/darwin-arm64@0.27.1':
    optional: true

  '@esbuild/darwin-x64@0.27.1':
    optional: true

  '@esbuild/freebsd-arm64@0.27.1':
    optional: true

  '@esbuild/freebsd-x64@0.27.1':
    optional: true

  '@esbuild/linux-arm64@0.27.1':
    optional: true

  '@esbuild/linux-arm@0.27.1':
    optional: true

  '@esbuild/linux-ia32@0.27.1':
    optional: true

  '@esbuild/linux-loong64@0.27.1':
    optional: true

  '@esbuild/linux-mips64el@0.27.1':
    optional: true

  '@esbuild/linux-ppc64@0.27.1':
    optional: true

  '@esbuild/linux-riscv64@0.27.1':
    optional: true

  '@esbuild/linux-s390x@0.27.1':
    optional: true

  '@esbuild/linux-x64@0.27.1':
    optional: true

  '@esbuild/netbsd-arm64@0.27.1':
    optional: true

  '@esbuild/netbsd-x64@0.27.1':
    optional: true

  '@esbuild/openbsd-arm64@0.27.1':
    optional: true

  '@esbuild/openbsd-x64@0.27.1':
    optional: true

  '@esbuild/openharmony-arm64@0.27.1':
    optional: true

  '@esbuild/sunos-x64@0.27.1':
    optional: true

  '@esbuild/win32-arm64@0.27.1':
    optional: true

  '@esbuild/win32-ia32@0.27.1':
    optional: true

  '@esbuild/win32-x64@0.27.1':
    optional: true

  '@iconify/types@2.0.0': {}

  '@iconify/utils@3.1.0':
    dependencies:
      '@antfu/install-pkg': 1.1.0
      '@iconify/types': 2.0.0
      mlly: 1.8.0

  '@jridgewell/gen-mapping@0.3.13':
    dependencies:
      '@jridgewell/sourcemap-codec': 1.5.5
      '@jridgewell/trace-mapping': 0.3.31

  '@jridgewell/remapping@2.3.5':
    dependencies:
      '@jridgewell/gen-mapping': 0.3.13
      '@jridgewell/trace-mapping': 0.3.31

  '@jridgewell/resolve-uri@3.1.2': {}

  '@jridgewell/sourcemap-codec@1.5.5': {}

  '@jridgewell/trace-mapping@0.3.31':
    dependencies:
      '@jridgewell/resolve-uri': 3.1.2
      '@jridgewell/sourcemap-codec': 1.5.5

  '@lit-labs/ssr-dom-shim@1.4.0': {}

  '@lit/reactive-element@2.1.1':
    dependencies:
      '@lit-labs/ssr-dom-shim': 1.4.0

  '@polka/url@1.0.0-next.29': {}

  '@quansync/fs@1.0.0':
    dependencies:
      quansync: 1.0.0

  '@rollup/rollup-android-arm-eabi@4.53.4':
    optional: true

  '@rollup/rollup-android-arm64@4.53.4':
    optional: true

  '@rollup/rollup-darwin-arm64@4.53.4':
    optional: true

  '@rollup/rollup-darwin-x64@4.53.4':
    optional: true

  '@rollup/rollup-freebsd-arm64@4.53.4':
    optional: true

  '@rollup/rollup-freebsd-x64@4.53.4':
    optional: true

  '@rollup/rollup-linux-arm-gnueabihf@4.53.4':
    optional: true

  '@rollup/rollup-linux-arm-musleabihf@4.53.4':
    optional: true

  '@rollup/rollup-linux-arm64-gnu@4.53.4':
    optional: true

  '@rollup/rollup-linux-arm64-musl@4.53.4':
    optional: true

  '@rollup/rollup-linux-loong64-gnu@4.53.4':
    optional: true

  '@rollup/rollup-linux-ppc64-gnu@4.53.4':
    optional: true

  '@rollup/rollup-linux-riscv64-gnu@4.53.4':
    optional: true

  '@rollup/rollup-linux-riscv64-musl@4.53.4':
    optional: true

  '@rollup/rollup-linux-s390x-gnu@4.53.4':
    optional: true

  '@rollup/rollup-linux-x64-gnu@4.53.4':
    optional: true

  '@rollup/rollup-linux-x64-musl@4.53.4':
    optional: true

  '@rollup/rollup-openharmony-arm64@4.53.4':
    optional: true

  '@rollup/rollup-win32-arm64-msvc@4.53.4':
    optional: true

  '@rollup/rollup-win32-ia32-msvc@4.53.4':
    optional: true

  '@rollup/rollup-win32-x64-gnu@4.53.4':
    optional: true

  '@rollup/rollup-win32-x64-msvc@4.53.4':
    optional: true

  '@types/estree@1.0.8': {}

  '@types/trusted-types@2.0.7': {}

  '@unocss/astro@66.5.10(vite@7.3.0(jiti@2.6.1))':
    dependencies:
      '@unocss/core': 66.5.10
      '@unocss/reset': 66.5.10
      '@unocss/vite': 66.5.10(vite@7.3.0(jiti@2.6.1))
    optionalDependencies:
      vite: 7.3.0(jiti@2.6.1)

  '@unocss/cli@66.5.10':
    dependencies:
      '@jridgewell/remapping': 2.3.5
      '@unocss/config': 66.5.10
      '@unocss/core': 66.5.10
      '@unocss/preset-uno': 66.5.10
      cac: 6.7.14
      chokidar: 3.6.0
      colorette: 2.0.20
      consola: 3.4.2
      magic-string: 0.30.21
      pathe: 2.0.3
      perfect-debounce: 1.0.0
      tinyglobby: 0.2.15
      unplugin-utils: 0.3.1

  '@unocss/config@66.5.10':
    dependencies:
      '@unocss/core': 66.5.10
      unconfig: 7.4.2

  '@unocss/core@66.5.10': {}

  '@unocss/extractor-arbitrary-variants@66.5.10':
    dependencies:
      '@unocss/core': 66.5.10

  '@unocss/inspector@66.5.10':
    dependencies:
      '@unocss/core': 66.5.10
      '@unocss/rule-utils': 66.5.10
      colorette: 2.0.20
      gzip-size: 6.0.0
      sirv: 3.0.2
      vue-flow-layout: 0.2.0

  '@unocss/postcss@66.5.10(postcss@8.5.6)':
    dependencies:
      '@unocss/config': 66.5.10
      '@unocss/core': 66.5.10
      '@unocss/rule-utils': 66.5.10
      css-tree: 3.1.0
      postcss: 8.5.6
      tinyglobby: 0.2.15

  '@unocss/preset-attributify@66.5.10':
    dependencies:
      '@unocss/core': 66.5.10

  '@unocss/preset-icons@66.5.10':
    dependencies:
      '@iconify/utils': 3.1.0
      '@unocss/core': 66.5.10
      ofetch: 1.5.1

  '@unocss/preset-mini@66.5.10':
    dependencies:
      '@unocss/core': 66.5.10
      '@unocss/extractor-arbitrary-variants': 66.5.10
      '@unocss/rule-utils': 66.5.10

  '@unocss/preset-tagify@66.5.10':
    dependencies:
      '@unocss/core': 66.5.10

  '@unocss/preset-typography@66.5.10':
    dependencies:
      '@unocss/core': 66.5.10
      '@unocss/rule-utils': 66.5.10

  '@unocss/preset-uno@66.5.10':
    dependencies:
      '@unocss/core': 66.5.10
      '@unocss/preset-wind3': 66.5.10

  '@unocss/preset-web-fonts@66.5.10':
    dependencies:
      '@unocss/core': 66.5.10
      ofetch: 1.5.1

  '@unocss/preset-wind3@66.5.10':
    dependencies:
      '@unocss/core': 66.5.10
      '@unocss/preset-mini': 66.5.10
      '@unocss/rule-utils': 66.5.10

  '@unocss/preset-wind4@66.5.10':
    dependencies:
      '@unocss/core': 66.5.10
      '@unocss/extractor-arbitrary-variants': 66.5.10
      '@unocss/rule-utils': 66.5.10

  '@unocss/preset-wind@66.5.10':
    dependencies:
      '@unocss/core': 66.5.10
      '@unocss/preset-wind3': 66.5.10

  '@unocss/reset@66.5.10': {}

  '@unocss/rule-utils@66.5.10':
    dependencies:
      '@unocss/core': 66.5.10
      magic-string: 0.30.21

  '@unocss/transformer-attributify-jsx@66.5.10':
    dependencies:
      '@babel/parser': 7.27.7
      '@babel/traverse': 7.27.7
      '@unocss/core': 66.5.10
    transitivePeerDependencies:
      - supports-color

  '@unocss/transformer-compile-class@66.5.10':
    dependencies:
      '@unocss/core': 66.5.10

  '@unocss/transformer-directives@66.5.10':
    dependencies:
      '@unocss/core': 66.5.10
      '@unocss/rule-utils': 66.5.10
      css-tree: 3.1.0

  '@unocss/transformer-variant-group@66.5.10':
    dependencies:
      '@unocss/core': 66.5.10

  '@unocss/vite@66.5.10(vite@7.3.0(jiti@2.6.1))':
    dependencies:
      '@jridgewell/remapping': 2.3.5
      '@unocss/config': 66.5.10
      '@unocss/core': 66.5.10
      '@unocss/inspector': 66.5.10
      chokidar: 3.6.0
      magic-string: 0.30.21
      pathe: 2.0.3
      tinyglobby: 0.2.15
      unplugin-utils: 0.3.1
      vite: 7.3.0(jiti@2.6.1)

  acorn@8.15.0: {}

  anymatch@3.1.3:
    dependencies:
      normalize-path: 3.0.0
      picomatch: 2.3.1

  binary-extensions@2.3.0: {}

  braces@3.0.3:
    dependencies:
      fill-range: 7.1.1

  cac@6.7.14: {}

  chokidar@3.6.0:
    dependencies:
      anymatch: 3.1.3
      braces: 3.0.3
      glob-parent: 5.1.2
      is-binary-path: 2.1.0
      is-glob: 4.0.3
      normalize-path: 3.0.0
      readdirp: 3.6.0
    optionalDependencies:
      fsevents: 2.3.3

  colorette@2.0.20: {}

  confbox@0.1.8: {}

  consola@3.4.2: {}

  css-tree@3.1.0:
    dependencies:
      mdn-data: 2.12.2
      source-map-js: 1.2.1

  debug@4.4.3:
    dependencies:
      ms: 2.1.3

  defu@6.1.4: {}

  destr@2.0.5: {}

  duplexer@0.1.2: {}

  esbuild@0.27.1:
    optionalDependencies:
      '@esbuild/aix-ppc64': 0.27.1
      '@esbuild/android-arm': 0.27.1
      '@esbuild/android-arm64': 0.27.1
      '@esbuild/android-x64': 0.27.1
      '@esbuild/darwin-arm64': 0.27.1
      '@esbuild/darwin-x64': 0.27.1
      '@esbuild/freebsd-arm64': 0.27.1
      '@esbuild/freebsd-x64': 0.27.1
      '@esbuild/linux-arm': 0.27.1
      '@esbuild/linux-arm64': 0.27.1
      '@esbuild/linux-ia32': 0.27.1
      '@esbuild/linux-loong64': 0.27.1
      '@esbuild/linux-mips64el': 0.27.1
      '@esbuild/linux-ppc64': 0.27.1
      '@esbuild/linux-riscv64': 0.27.1
      '@esbuild/linux-s390x': 0.27.1
      '@esbuild/linux-x64': 0.27.1
      '@esbuild/netbsd-arm64': 0.27.1
      '@esbuild/netbsd-x64': 0.27.1
      '@esbuild/openbsd-arm64': 0.27.1
      '@esbuild/openbsd-x64': 0.27.1
      '@esbuild/openharmony-arm64': 0.27.1
      '@esbuild/sunos-x64': 0.27.1
      '@esbuild/win32-arm64': 0.27.1
      '@esbuild/win32-ia32': 0.27.1
      '@esbuild/win32-x64': 0.27.1

  fdir@6.5.0(picomatch@4.0.3):
    optionalDependencies:
      picomatch: 4.0.3

  fill-range@7.1.1:
    dependencies:
      to-regex-range: 5.0.1

  fsevents@2.3.3:
    optional: true

  glob-parent@5.1.2:
    dependencies:
      is-glob: 4.0.3

  globals@11.12.0: {}

  gzip-size@6.0.0:
    dependencies:
      duplexer: 0.1.2

  is-binary-path@2.1.0:
    dependencies:
      binary-extensions: 2.3.0

  is-extglob@2.1.1: {}

  is-glob@4.0.3:
    dependencies:
      is-extglob: 2.1.1

  is-number@7.0.0: {}

  jiti@2.6.1: {}

  js-tokens@4.0.0: {}

  jsesc@3.1.0: {}

  lit-element@4.2.1:
    dependencies:
      '@lit-labs/ssr-dom-shim': 1.4.0
      '@lit/reactive-element': 2.1.1
      lit-html: 3.3.1

  lit-html@3.3.1:
    dependencies:
      '@types/trusted-types': 2.0.7

  lit@3.3.1:
    dependencies:
      '@lit/reactive-element': 2.1.1
      lit-element: 4.2.1
      lit-html: 3.3.1

  magic-string@0.30.21:
    dependencies:
      '@jridgewell/sourcemap-codec': 1.5.5

  mdn-data@2.12.2: {}

  mlly@1.8.0:
    dependencies:
      acorn: 8.15.0
      pathe: 2.0.3
      pkg-types: 1.3.1
      ufo: 1.6.1

  mrmime@2.0.1: {}

  ms@2.1.3: {}

  nanoid@3.3.11: {}

  node-fetch-native@1.6.7: {}

  normalize-path@3.0.0: {}

  ofetch@1.5.1:
    dependencies:
      destr: 2.0.5
      node-fetch-native: 1.6.7
      ufo: 1.6.1

  package-manager-detector@1.6.0: {}

  pathe@2.0.3: {}

  perfect-debounce@1.0.0: {}

  picocolors@1.1.1: {}

  picomatch@2.3.1: {}

  picomatch@4.0.3: {}

  pkg-types@1.3.1:
    dependencies:
      confbox: 0.1.8
      mlly: 1.8.0
      pathe: 2.0.3

  postcss@8.5.6:
    dependencies:
      nanoid: 3.3.11
      picocolors: 1.1.1
      source-map-js: 1.2.1

  quansync@1.0.0: {}

  readdirp@3.6.0:
    dependencies:
      picomatch: 2.3.1

  rollup@4.53.4:
    dependencies:
      '@types/estree': 1.0.8
    optionalDependencies:
      '@rollup/rollup-android-arm-eabi': 4.53.4
      '@rollup/rollup-android-arm64': 4.53.4
      '@rollup/rollup-darwin-arm64': 4.53.4
      '@rollup/rollup-darwin-x64': 4.53.4
      '@rollup/rollup-freebsd-arm64': 4.53.4
      '@rollup/rollup-freebsd-x64': 4.53.4
      '@rollup/rollup-linux-arm-gnueabihf': 4.53.4
      '@rollup/rollup-linux-arm-musleabihf': 4.53.4
      '@rollup/rollup-linux-arm64-gnu': 4.53.4
      '@rollup/rollup-linux-arm64-musl': 4.53.4
      '@rollup/rollup-linux-loong64-gnu': 4.53.4
      '@rollup/rollup-linux-ppc64-gnu': 4.53.4
      '@rollup/rollup-linux-riscv64-gnu': 4.53.4
      '@rollup/rollup-linux-riscv64-musl': 4.53.4
      '@rollup/rollup-linux-s390x-gnu': 4.53.4
      '@rollup/rollup-linux-x64-gnu': 4.53.4
      '@rollup/rollup-linux-x64-musl': 4.53.4
      '@rollup/rollup-openharmony-arm64': 4.53.4
      '@rollup/rollup-win32-arm64-msvc': 4.53.4
      '@rollup/rollup-win32-ia32-msvc': 4.53.4
      '@rollup/rollup-win32-x64-gnu': 4.53.4
      '@rollup/rollup-win32-x64-msvc': 4.53.4
      fsevents: 2.3.3

  sirv@3.0.2:
    dependencies:
      '@polka/url': 1.0.0-next.29
      mrmime: 2.0.1
      totalist: 3.0.1

  source-map-js@1.2.1: {}

  tinyexec@1.0.2: {}

  tinyglobby@0.2.15:
    dependencies:
      fdir: 6.5.0(picomatch@4.0.3)
      picomatch: 4.0.3

  to-regex-range@5.0.1:
    dependencies:
      is-number: 7.0.0

  totalist@3.0.1: {}

  typescript@5.9.3: {}

  ufo@1.6.1: {}

  unconfig-core@7.4.2:
    dependencies:
      '@quansync/fs': 1.0.0
      quansync: 1.0.0

  unconfig@7.4.2:
    dependencies:
      '@quansync/fs': 1.0.0
      defu: 6.1.4
      jiti: 2.6.1
      quansync: 1.0.0
      unconfig-core: 7.4.2

  unocss@66.5.10(postcss@8.5.6)(vite@7.3.0(jiti@2.6.1)):
    dependencies:
      '@unocss/astro': 66.5.10(vite@7.3.0(jiti@2.6.1))
      '@unocss/cli': 66.5.10
      '@unocss/core': 66.5.10
      '@unocss/postcss': 66.5.10(postcss@8.5.6)
      '@unocss/preset-attributify': 66.5.10
      '@unocss/preset-icons': 66.5.10
      '@unocss/preset-mini': 66.5.10
      '@unocss/preset-tagify': 66.5.10
      '@unocss/preset-typography': 66.5.10
      '@unocss/preset-uno': 66.5.10
      '@unocss/preset-web-fonts': 66.5.10
      '@unocss/preset-wind': 66.5.10
      '@unocss/preset-wind3': 66.5.10
      '@unocss/preset-wind4': 66.5.10
      '@unocss/transformer-attributify-jsx': 66.5.10
      '@unocss/transformer-compile-class': 66.5.10
      '@unocss/transformer-directives': 66.5.10
      '@unocss/transformer-variant-group': 66.5.10
      '@unocss/vite': 66.5.10(vite@7.3.0(jiti@2.6.1))
    optionalDependencies:
      vite: 7.3.0(jiti@2.6.1)
    transitivePeerDependencies:
      - postcss
      - supports-color

  unplugin-utils@0.3.1:
    dependencies:
      pathe: 2.0.3
      picomatch: 4.0.3

  vite@7.3.0(jiti@2.6.1):
    dependencies:
      esbuild: 0.27.1
      fdir: 6.5.0(picomatch@4.0.3)
      picomatch: 4.0.3
      postcss: 8.5.6
      rollup: 4.53.4
      tinyglobby: 0.2.15
    optionalDependencies:
      fsevents: 2.3.3
      jiti: 2.6.1

  vue-flow-layout@0.2.0: {}
